
Microsoft Visual Studio Solution File, Format Version 12.00
# Visual Studio Version 17
VisualStudioVersion = 17.12.35521.163 d17.12
MinimumVisualStudioVersion = 10.0.40219.1
Project("{FAE04EC0-301F-11D3-BF4B-00C04F79EFBC}") = "exercicio17", "exercicio17\exercicio17.csproj", "{8A5B79CF-250E-4D20-9CDC-7868799664DB}"
EndProject
Global
	GlobalSection(SolutionConfigurationPlatforms) = preSolution
		Debug|Any CPU = Debug|Any CPU
		Release|Any CPU = Release|Any CPU
	EndGlobalSection
	GlobalSection(ProjectConfigurationPlatforms) = postSolution
		{8A5B79CF-250E-4D20-9CDC-7868799664DB}.Debug|Any CPU.ActiveCfg = Debug|Any CPU
		{8A5B79CF-250E-4D20-9CDC-7868799664DB}.Debug|Any CPU.Build.0 = Debug|Any CPU
		{8A5B79CF-250E-4D20-9CDC-7868799664DB}.Release|Any CPU.ActiveCfg = Release|Any CPU
		{8A5B79CF-250E-4D20-9CDC-7868799664DB}.Release|Any CPU.Build.0 = Release|Any CPU
	EndGlobalSection
	GlobalSection(SolutionProperties) = preSolution
		HideSolutionNode = FALSE
	EndGlobalSection
EndGlobal
